
Microsoft Visual Studio Solution File, Format Version 12.00
# Visual Studio Version 17
VisualStudioVersion = 17.1.32228.430
MinimumVisualStudioVersion = 10.0.40219.1
Project("{8BC9CEB8-8B4A-11D0-8D11-00A0C91BC942}") = "기말고사공튀기기", "기말고사공튀기기.vcxproj", "{3C3CE0DD-22DD-4F77-A758-BF401905129E}"
EndProject
Global
	GlobalSection(SolutionConfigurationPlatforms) = preSolution
		Debug|x64 = Debug|x64
		Debug|x86 = Debug|x86
		Release|x64 = Release|x64
		Release|x86 = Release|x86
	EndGlobalSection
	GlobalSection(ProjectConfigurationPlatforms) = postSolution
		{3C3CE0DD-22DD-4F77-A758-BF401905129E}.Debug|x64.ActiveCfg = Debug|x64
		{3C3CE0DD-22DD-4F77-A758-BF401905129E}.Debug|x64.Build.0 = Debug|x64
		{3C3CE0DD-22DD-4F77-A758-BF401905129E}.Debug|x86.ActiveCfg = Debug|Win32
		{3C3CE0DD-22DD-4F77-A758-BF401905129E}.Debug|x86.Build.0 = Debug|Win32
		{3C3CE0DD-22DD-4F77-A758-BF401905129E}.Release|x64.ActiveCfg = Release|x64
		{3C3CE0DD-22DD-4F77-A758-BF401905129E}.Release|x64.Build.0 = Release|x64
		{3C3CE0DD-22DD-4F77-A758-BF401905129E}.Release|x86.ActiveCfg = Release|Win32
		{3C3CE0DD-22DD-4F77-A758-BF401905129E}.Release|x86.Build.0 = Release|Win32
	EndGlobalSection
	GlobalSection(SolutionProperties) = preSolution
		HideSolutionNode = FALSE
	EndGlobalSection
	GlobalSection(ExtensibilityGlobals) = postSolution
		SolutionGuid = {63951551-9D13-4DC0-97C0-EB956D1D56C6}
	EndGlobalSection
EndGlobal
